
Microsoft Visual Studio Solution File, Format Version 12.00
# Visual Studio Version 17
VisualStudioVersion = 17.0.31903.59
MinimumVisualStudioVersion = 10.0.40219.1
Project("{FAE04EC0-301F-11D3-BF4B-00C04F79EFBC}") = "Aura.WPF", "Aura.WPF\Aura.WPF.csproj", "{577422D8-ED73-4C1B-B780-4D5088388FE6}"
EndProject
Project("{FAE04EC0-301F-11D3-BF4B-00C04F79EFBC}") = "Aura.Data", "Aura.Data\Aura.Data.csproj", "{758D4AEC-1A2D-4E56-8140-06F066B96E96}"
EndProject
Project("{FAE04EC0-301F-11D3-BF4B-00C04F79EFBC}") = "Aura.Core", "Aura.Core\Aura.Core.csproj", "{597D263F-8E10-4021-86F8-6B8B95525F8E}"
EndProject
Global
	GlobalSection(SolutionConfigurationPlatforms) = preSolution
		Debug|Any CPU = Debug|Any CPU
		Release|Any CPU = Release|Any CPU
	EndGlobalSection
	GlobalSection(SolutionProperties) = preSolution
		HideSolutionNode = FALSE
	EndGlobalSection
	GlobalSection(ProjectConfigurationPlatforms) = postSolution
		{577422D8-ED73-4C1B-B780-4D5088388FE6}.Debug|Any CPU.ActiveCfg = Debug|Any CPU
		{577422D8-ED73-4C1B-B780-4D5088388FE6}.Debug|Any CPU.Build.0 = Debug|Any CPU
		{577422D8-ED73-4C1B-B780-4D5088388FE6}.Release|Any CPU.ActiveCfg = Release|Any CPU
		{577422D8-ED73-4C1B-B780-4D5088388FE6}.Release|Any CPU.Build.0 = Release|Any CPU
		{758D4AEC-1A2D-4E56-8140-06F066B96E96}.Debug|Any CPU.ActiveCfg = Debug|Any CPU
		{758D4AEC-1A2D-4E56-8140-06F066B96E96}.Debug|Any CPU.Build.0 = Debug|Any CPU
		{758D4AEC-1A2D-4E56-8140-06F066B96E96}.Release|Any CPU.ActiveCfg = Release|Any CPU
		{758D4AEC-1A2D-4E56-8140-06F066B96E96}.Release|Any CPU.Build.0 = Release|Any CPU
		{597D263F-8E10-4021-86F8-6B8B95525F8E}.Debug|Any CPU.ActiveCfg = Debug|Any CPU
		{597D263F-8E10-4021-86F8-6B8B95525F8E}.Debug|Any CPU.Build.0 = Debug|Any CPU
		{597D263F-8E10-4021-86F8-6B8B95525F8E}.Release|Any CPU.ActiveCfg = Release|Any CPU
		{597D263F-8E10-4021-86F8-6B8B95525F8E}.Release|Any CPU.Build.0 = Release|Any CPU
	EndGlobalSection
EndGlobal
